// !$*UTF8*$!
{
	archiveVersion = 1;
	classes = {
	};
	objectVersion = 46;
	objects = {

/* Begin PBXBuildFile section */
		60114A3BD8FAC4F8FE34E666 /* libPods.a in Frameworks */ = {isa = PBXBuildFile; fileRef = 316C8A9B61515478B6594A2C /* libPods.a */; };
		E30E65351C83360D001E431B /* main.m in Sources */ = {isa = PBXBuildFile; fileRef = E30E65341C83360D001E431B /* main.m */; };
		E30E65381C83360D001E431B /* AppDelegate.m in Sources */ = {isa = PBXBuildFile; fileRef = E30E65371C83360D001E431B /* AppDelegate.m */; };
		E30E65401C83360E001E431B /* Assets.xcassets in Resources */ = {isa = PBXBuildFile; fileRef = E30E653F1C83360E001E431B /* Assets.xcassets */; };
		E30E65431C83360E001E431B /* LaunchScreen.storyboard in Resources */ = {isa = PBXBuildFile; fileRef = E30E65411C83360E001E431B /* LaunchScreen.storyboard */; };
		E30E654D1C833664001E431B /* PCWebViewWrapperViewController.m in Sources */ = {isa = PBXBuildFile; fileRef = E30E654B1C833664001E431B /* PCWebViewWrapperViewController.m */; };
		E30E654E1C833664001E431B /* PCWebViewWrapperViewController.xib in Resources */ = {isa = PBXBuildFile; fileRef = E30E654C1C833664001E431B /* PCWebViewWrapperViewController.xib */; };
		E30E65511C8336C3001E431B /* LPPrototypeCaptureRecorder.m in Sources */ = {isa = PBXBuildFile; fileRef = E30E65501C8336C3001E431B /* LPPrototypeCaptureRecorder.m */; };
		E30E94D71CB462C4000DBE35 /* Habco.xcdatamodeld in Sources */ = {isa = PBXBuildFile; fileRef = E30E94D51CB462C4000DBE35 /* Habco.xcdatamodeld */; };
		E30E94EC1CB46579000DBE35 /* HBCPrototypeRecord.m in Sources */ = {isa = PBXBuildFile; fileRef = E30E94E21CB46579000DBE35 /* HBCPrototypeRecord.m */; };
		E30E94F31CB46598000DBE35 /* HBCPrototypeRecord+CoreDataProperties.m in Sources */ = {isa = PBXBuildFile; fileRef = E30E94F21CB46598000DBE35 /* HBCPrototypeRecord+CoreDataProperties.m */; };
		E30E94FA1CB465D6000DBE35 /* HBPrototype.m in Sources */ = {isa = PBXBuildFile; fileRef = E30E94F91CB465D6000DBE35 /* HBPrototype.m */; };
		E30E94FD1CB465E9000DBE35 /* HBPrototypeUser.m in Sources */ = {isa = PBXBuildFile; fileRef = E30E94FC1CB465E9000DBE35 /* HBPrototypeUser.m */; };
		E30E95001CB465FC000DBE35 /* HBRecordingSettings.m in Sources */ = {isa = PBXBuildFile; fileRef = E30E94FF1CB465FC000DBE35 /* HBRecordingSettings.m */; };
		E30E95031CB46614000DBE35 /* HBPrototypeRecord.m in Sources */ = {isa = PBXBuildFile; fileRef = E30E95021CB46614000DBE35 /* HBPrototypeRecord.m */; };
		E30E95141CB46759000DBE35 /* HBCRecordingSettings+CoreDataProperties.m in Sources */ = {isa = PBXBuildFile; fileRef = E30E950F1CB46759000DBE35 /* HBCRecordingSettings+CoreDataProperties.m */; };
		E30E95151CB46759000DBE35 /* HBCRecordingSettings.m in Sources */ = {isa = PBXBuildFile; fileRef = E30E95111CB46759000DBE35 /* HBCRecordingSettings.m */; };
		E30E95181CB5070C000DBE35 /* HBCPrototype+Converting.m in Sources */ = {isa = PBXBuildFile; fileRef = E30E95171CB5070C000DBE35 /* HBCPrototype+Converting.m */; };
		E30E951B1CB50719000DBE35 /* HBCPrototypeUser+Converting.m in Sources */ = {isa = PBXBuildFile; fileRef = E30E951A1CB50719000DBE35 /* HBCPrototypeUser+Converting.m */; };
		E30E951E1CB50729000DBE35 /* HBCPrototypeRecord+Converting.m in Sources */ = {isa = PBXBuildFile; fileRef = E30E951D1CB50729000DBE35 /* HBCPrototypeRecord+Converting.m */; };
		E30E95211CB50738000DBE35 /* HBCRecordingSettings+Converting.m in Sources */ = {isa = PBXBuildFile; fileRef = E30E95201CB50738000DBE35 /* HBCRecordingSettings+Converting.m */; };
		E30E95311CB510A5000DBE35 /* NSArray+Utilities.m in Sources */ = {isa = PBXBuildFile; fileRef = E30E95261CB510A5000DBE35 /* NSArray+Utilities.m */; };
		E30E95321CB510A5000DBE35 /* NSDictionary+NSURL.m in Sources */ = {isa = PBXBuildFile; fileRef = E30E95281CB510A5000DBE35 /* NSDictionary+NSURL.m */; };
		E30E95331CB510A5000DBE35 /* NSMutableArray+Shuffle.m in Sources */ = {isa = PBXBuildFile; fileRef = E30E952A1CB510A5000DBE35 /* NSMutableArray+Shuffle.m */; };
		E30E95341CB510A5000DBE35 /* NSSet+Utilities.m in Sources */ = {isa = PBXBuildFile; fileRef = E30E952C1CB510A5000DBE35 /* NSSet+Utilities.m */; };
		E30E95351CB510A5000DBE35 /* NSString+IDString.m in Sources */ = {isa = PBXBuildFile; fileRef = E30E952E1CB510A5000DBE35 /* NSString+IDString.m */; };
		E30E95361CB510A5000DBE35 /* NSString+MD5.m in Sources */ = {isa = PBXBuildFile; fileRef = E30E95301CB510A5000DBE35 /* NSString+MD5.m */; };
		E30E953A1CB510FA000DBE35 /* NSOrderedSet+Utilities.m in Sources */ = {isa = PBXBuildFile; fileRef = E30E95391CB510FA000DBE35 /* NSOrderedSet+Utilities.m */; };
		E30E954A1CB518E2000DBE35 /* HBPrototypesManager.m in Sources */ = {isa = PBXBuildFile; fileRef = E30E95491CB518E2000DBE35 /* HBPrototypesManager.m */; };
		E30E95531CB51DF0000DBE35 /* HBCPrototypeUser+CoreDataProperties.m in Sources */ = {isa = PBXBuildFile; fileRef = E30E954C1CB51DF0000DBE35 /* HBCPrototypeUser+CoreDataProperties.m */; };
		E30E95541CB51DF0000DBE35 /* HBCPrototypeUser.m in Sources */ = {isa = PBXBuildFile; fileRef = E30E954E1CB51DF0000DBE35 /* HBCPrototypeUser.m */; };
		E30E95551CB51DF0000DBE35 /* HBCPrototype+CoreDataProperties.m in Sources */ = {isa = PBXBuildFile; fileRef = E30E95501CB51DF0000DBE35 /* HBCPrototype+CoreDataProperties.m */; };
		E30E95561CB51DF0000DBE35 /* HBCPrototype.m in Sources */ = {isa = PBXBuildFile; fileRef = E30E95521CB51DF0000DBE35 /* HBCPrototype.m */; };
		E33878FD1C8630C90015CA23 /* LPViewTouchesRecognizer.m in Sources */ = {isa = PBXBuildFile; fileRef = E33878FC1C8630C90015CA23 /* LPViewTouchesRecognizer.m */; };
		E33879001C8634A20015CA23 /* LPViewTouch.m in Sources */ = {isa = PBXBuildFile; fileRef = E33878FF1C8634A20015CA23 /* LPViewTouch.m */; };
		E34553EF1C90B6D90097C555 /* LPCaptureRecord.m in Sources */ = {isa = PBXBuildFile; fileRef = E34553EE1C90B6D90097C555 /* LPCaptureRecord.m */; };
		E3716C6E1CB7029000AF553C /* HBPrototypesListViewController.m in Sources */ = {isa = PBXBuildFile; fileRef = E3716C6C1CB7029000AF553C /* HBPrototypesListViewController.m */; };
		E3716C6F1CB7029000AF553C /* HBPrototypesListViewController.xib in Resources */ = {isa = PBXBuildFile; fileRef = E3716C6D1CB7029000AF553C /* HBPrototypesListViewController.xib */; };
		E3716C741CB702BA00AF553C /* HBPrototypeTableViewCell.m in Sources */ = {isa = PBXBuildFile; fileRef = E3716C721CB702BA00AF553C /* HBPrototypeTableViewCell.m */; };
		E3716C751CB702BA00AF553C /* HBPrototypeTableViewCell.xib in Resources */ = {isa = PBXBuildFile; fileRef = E3716C731CB702BA00AF553C /* HBPrototypeTableViewCell.xib */; };
		E3716C791CB79DF000AF553C /* UIColor+Pallete.m in Sources */ = {isa = PBXBuildFile; fileRef = E3716C781CB79DF000AF553C /* UIColor+Pallete.m */; };
		E386EC711CB7B4600002F186 /* HBPrototypePreviewViewController.m in Sources */ = {isa = PBXBuildFile; fileRef = E386EC6F1CB7B4600002F186 /* HBPrototypePreviewViewController.m */; };
		E386EC721CB7B4600002F186 /* HBPrototypePreviewViewController.xib in Resources */ = {isa = PBXBuildFile; fileRef = E386EC701CB7B4600002F186 /* HBPrototypePreviewViewController.xib */; };
		E386EC761CB7C7000002F186 /* HBEditUserViewController.m in Sources */ = {isa = PBXBuildFile; fileRef = E386EC741CB7C7000002F186 /* HBEditUserViewController.m */; };
		E386EC771CB7C7000002F186 /* HBEditUserViewController.xib in Resources */ = {isa = PBXBuildFile; fileRef = E386EC751CB7C7000002F186 /* HBEditUserViewController.xib */; };
		E386EC7B1CB7EB050002F186 /* HBUsersListViewController.m in Sources */ = {isa = PBXBuildFile; fileRef = E386EC791CB7EB050002F186 /* HBUsersListViewController.m */; };
		E386EC7C1CB7EB050002F186 /* HBUsersListViewController.xib in Resources */ = {isa = PBXBuildFile; fileRef = E386EC7A1CB7EB050002F186 /* HBUsersListViewController.xib */; };
		E386EC7F1CB7EB1E0002F186 /* HBViewController.m in Sources */ = {isa = PBXBuildFile; fileRef = E386EC7E1CB7EB1E0002F186 /* HBViewController.m */; };
		E386EC821CB7EBC00002F186 /* HBSearchBar.m in Sources */ = {isa = PBXBuildFile; fileRef = E386EC811CB7EBC00002F186 /* HBSearchBar.m */; };
		E386EC861CB7EEC10002F186 /* HBUserTableViewCell.m in Sources */ = {isa = PBXBuildFile; fileRef = E386EC841CB7EEC10002F186 /* HBUserTableViewCell.m */; };
		E386EC871CB7EEC10002F186 /* HBUserTableViewCell.xib in Resources */ = {isa = PBXBuildFile; fileRef = E386EC851CB7EEC10002F186 /* HBUserTableViewCell.xib */; };
		E386EC8A1CB7F7FE0002F186 /* HBNavigationController.m in Sources */ = {isa = PBXBuildFile; fileRef = E386EC891CB7F7FE0002F186 /* HBNavigationController.m */; };
		E393A3ED1CB663E9003CCD46 /* HBEditPrototypeViewController.m in Sources */ = {isa = PBXBuildFile; fileRef = E393A3EB1CB663E9003CCD46 /* HBEditPrototypeViewController.m */; };
		E393A3EE1CB663E9003CCD46 /* HBEditPrototypeViewController.xib in Resources */ = {isa = PBXBuildFile; fileRef = E393A3EC1CB663E9003CCD46 /* HBEditPrototypeViewController.xib */; };
		E393A3F91CB66560003CCD46 /* LPResizingLayersView.m in Sources */ = {isa = PBXBuildFile; fileRef = E393A3F41CB66560003CCD46 /* LPResizingLayersView.m */; };
		E393A3FA1CB66560003CCD46 /* LPRoundRectButton.m in Sources */ = {isa = PBXBuildFile; fileRef = E393A3F61CB66560003CCD46 /* LPRoundRectButton.m */; };
		E393A3FB1CB66560003CCD46 /* UIImageView+Transitions.m in Sources */ = {isa = PBXBuildFile; fileRef = E393A3F81CB66560003CCD46 /* UIImageView+Transitions.m */; };
		E393A3FE1CB666F0003CCD46 /* LPFloatingPlaceholderTextField.m in Sources */ = {isa = PBXBuildFile; fileRef = E393A3FD1CB666F0003CCD46 /* LPFloatingPlaceholderTextField.m */; };
/* End PBXBuildFile section */

/* Begin PBXFileReference section */
		316C8A9B61515478B6594A2C /* libPods.a */ = {isa = PBXFileReference; explicitFileType = archive.ar; includeInIndex = 0; path = libPods.a; sourceTree = BUILT_PRODUCTS_DIR; };
		A55CDA3274954E512FF8430F /* Pods.debug.xcconfig */ = {isa = PBXFileReference; includeInIndex = 1; lastKnownFileType = text.xcconfig; name = Pods.debug.xcconfig; path = "Pods/Target Support Files/Pods/Pods.debug.xcconfig"; sourceTree = "<group>"; };
		B488E9044A4AF78C8FA418A6 /* Pods.release.xcconfig */ = {isa = PBXFileReference; includeInIndex = 1; lastKnownFileType = text.xcconfig; name = Pods.release.xcconfig; path = "Pods/Target Support Files/Pods/Pods.release.xcconfig"; sourceTree = "<group>"; };
		E30E65301C83360D001E431B /* Habco.app */ = {isa = PBXFileReference; explicitFileType = wrapper.application; includeInIndex = 0; path = Habco.app; sourceTree = BUILT_PRODUCTS_DIR; };
		E30E65341C83360D001E431B /* main.m */ = {isa = PBXFileReference; lastKnownFileType = sourcecode.c.objc; path = main.m; sourceTree = "<group>"; };
		E30E65361C83360D001E431B /* AppDelegate.h */ = {isa = PBXFileReference; lastKnownFileType = sourcecode.c.h; path = AppDelegate.h; sourceTree = "<group>"; };
		E30E65371C83360D001E431B /* AppDelegate.m */ = {isa = PBXFileReference; lastKnownFileType = sourcecode.c.objc; path = AppDelegate.m; sourceTree = "<group>"; };
		E30E653F1C83360E001E431B /* Assets.xcassets */ = {isa = PBXFileReference; lastKnownFileType = folder.assetcatalog; path = Assets.xcassets; sourceTree = "<group>"; };
		E30E65421C83360E001E431B /* Base */ = {isa = PBXFileReference; lastKnownFileType = file.storyboard; name = Base; path = Base.lproj/LaunchScreen.storyboard; sourceTree = "<group>"; };
		E30E65441C83360E001E431B /* Info.plist */ = {isa = PBXFileReference; lastKnownFileType = text.plist.xml; path = Info.plist; sourceTree = "<group>"; };
		E30E654A1C833664001E431B /* PCWebViewWrapperViewController.h */ = {isa = PBXFileReference; fileEncoding = 4; lastKnownFileType = sourcecode.c.h; path = PCWebViewWrapperViewController.h; sourceTree = "<group>"; };
		E30E654B1C833664001E431B /* PCWebViewWrapperViewController.m */ = {isa = PBXFileReference; fileEncoding = 4; lastKnownFileType = sourcecode.c.objc; path = PCWebViewWrapperViewController.m; sourceTree = "<group>"; };
		E30E654C1C833664001E431B /* PCWebViewWrapperViewController.xib */ = {isa = PBXFileReference; fileEncoding = 4; lastKnownFileType = file.xib; path = PCWebViewWrapperViewController.xib; sourceTree = "<group>"; };
		E30E654F1C8336C3001E431B /* LPPrototypeCaptureRecorder.h */ = {isa = PBXFileReference; fileEncoding = 4; lastKnownFileType = sourcecode.c.h; path = LPPrototypeCaptureRecorder.h; sourceTree = "<group>"; };
		E30E65501C8336C3001E431B /* LPPrototypeCaptureRecorder.m */ = {isa = PBXFileReference; fileEncoding = 4; lastKnownFileType = sourcecode.c.objc; path = LPPrototypeCaptureRecorder.m; sourceTree = "<group>"; };
		E30E94D41CB460C9000DBE35 /* PrefixHeader.pch */ = {isa = PBXFileReference; lastKnownFileType = sourcecode.c.h; path = PrefixHeader.pch; sourceTree = "<group>"; };
		E30E94D61CB462C4000DBE35 /* Habco.xcdatamodel */ = {isa = PBXFileReference; lastKnownFileType = wrapper.xcdatamodel; path = Habco.xcdatamodel; sourceTree = "<group>"; };
		E30E94E11CB46579000DBE35 /* HBCPrototypeRecord.h */ = {isa = PBXFileReference; fileEncoding = 4; lastKnownFileType = sourcecode.c.h; path = HBCPrototypeRecord.h; sourceTree = "<group>"; };
		E30E94E21CB46579000DBE35 /* HBCPrototypeRecord.m */ = {isa = PBXFileReference; fileEncoding = 4; lastKnownFileType = sourcecode.c.objc; path = HBCPrototypeRecord.m; sourceTree = "<group>"; };
		E30E94F11CB46598000DBE35 /* HBCPrototypeRecord+CoreDataProperties.h */ = {isa = PBXFileReference; fileEncoding = 4; lastKnownFileType = sourcecode.c.h; path = "HBCPrototypeRecord+CoreDataProperties.h"; sourceTree = "<group>"; };
		E30E94F21CB46598000DBE35 /* HBCPrototypeRecord+CoreDataProperties.m */ = {isa = PBXFileReference; fileEncoding = 4; lastKnownFileType = sourcecode.c.objc; path = "HBCPrototypeRecord+CoreDataProperties.m"; sourceTree = "<group>"; };
		E30E94F81CB465D6000DBE35 /* HBPrototype.h */ = {isa = PBXFileReference; fileEncoding = 4; lastKnownFileType = sourcecode.c.h; path = HBPrototype.h; sourceTree = "<group>"; };
		E30E94F91CB465D6000DBE35 /* HBPrototype.m */ = {isa = PBXFileReference; fileEncoding = 4; lastKnownFileType = sourcecode.c.objc; path = HBPrototype.m; sourceTree = "<group>"; };
		E30E94FB1CB465E9000DBE35 /* HBPrototypeUser.h */ = {isa = PBXFileReference; fileEncoding = 4; lastKnownFileType = sourcecode.c.h; path = HBPrototypeUser.h; sourceTree = "<group>"; };
		E30E94FC1CB465E9000DBE35 /* HBPrototypeUser.m */ = {isa = PBXFileReference; fileEncoding = 4; lastKnownFileType = sourcecode.c.objc; path = HBPrototypeUser.m; sourceTree = "<group>"; };
		E30E94FE1CB465FC000DBE35 /* HBRecordingSettings.h */ = {isa = PBXFileReference; fileEncoding = 4; lastKnownFileType = sourcecode.c.h; path = HBRecordingSettings.h; sourceTree = "<group>"; };
		E30E94FF1CB465FC000DBE35 /* HBRecordingSettings.m */ = {isa = PBXFileReference; fileEncoding = 4; lastKnownFileType = sourcecode.c.objc; path = HBRecordingSettings.m; sourceTree = "<group>"; };
		E30E95011CB46614000DBE35 /* HBPrototypeRecord.h */ = {isa = PBXFileReference; fileEncoding = 4; lastKnownFileType = sourcecode.c.h; path = HBPrototypeRecord.h; sourceTree = "<group>"; };
		E30E95021CB46614000DBE35 /* HBPrototypeRecord.m */ = {isa = PBXFileReference; fileEncoding = 4; lastKnownFileType = sourcecode.c.objc; path = HBPrototypeRecord.m; sourceTree = "<group>"; };
		E30E950E1CB46759000DBE35 /* HBCRecordingSettings+CoreDataProperties.h */ = {isa = PBXFileReference; fileEncoding = 4; lastKnownFileType = sourcecode.c.h; path = "HBCRecordingSettings+CoreDataProperties.h"; sourceTree = "<group>"; };
		E30E950F1CB46759000DBE35 /* HBCRecordingSettings+CoreDataProperties.m */ = {isa = PBXFileReference; fileEncoding = 4; lastKnownFileType = sourcecode.c.objc; path = "HBCRecordingSettings+CoreDataProperties.m"; sourceTree = "<group>"; };
		E30E95101CB46759000DBE35 /* HBCRecordingSettings.h */ = {isa = PBXFileReference; fileEncoding = 4; lastKnownFileType = sourcecode.c.h; path = HBCRecordingSettings.h; sourceTree = "<group>"; };
		E30E95111CB46759000DBE35 /* HBCRecordingSettings.m */ = {isa = PBXFileReference; fileEncoding = 4; lastKnownFileType = sourcecode.c.objc; path = HBCRecordingSettings.m; sourceTree = "<group>"; };
		E30E95161CB5070C000DBE35 /* HBCPrototype+Converting.h */ = {isa = PBXFileReference; fileEncoding = 4; lastKnownFileType = sourcecode.c.h; path = "HBCPrototype+Converting.h"; sourceTree = "<group>"; };
		E30E95171CB5070C000DBE35 /* HBCPrototype+Converting.m */ = {isa = PBXFileReference; fileEncoding = 4; lastKnownFileType = sourcecode.c.objc; path = "HBCPrototype+Converting.m"; sourceTree = "<group>"; };
		E30E95191CB50719000DBE35 /* HBCPrototypeUser+Converting.h */ = {isa = PBXFileReference; fileEncoding = 4; lastKnownFileType = sourcecode.c.h; path = "HBCPrototypeUser+Converting.h"; sourceTree = "<group>"; };
		E30E951A1CB50719000DBE35 /* HBCPrototypeUser+Converting.m */ = {isa = PBXFileReference; fileEncoding = 4; lastKnownFileType = sourcecode.c.objc; path = "HBCPrototypeUser+Converting.m"; sourceTree = "<group>"; };
		E30E951C1CB50729000DBE35 /* HBCPrototypeRecord+Converting.h */ = {isa = PBXFileReference; fileEncoding = 4; lastKnownFileType = sourcecode.c.h; path = "HBCPrototypeRecord+Converting.h"; sourceTree = "<group>"; };
		E30E951D1CB50729000DBE35 /* HBCPrototypeRecord+Converting.m */ = {isa = PBXFileReference; fileEncoding = 4; lastKnownFileType = sourcecode.c.objc; path = "HBCPrototypeRecord+Converting.m"; sourceTree = "<group>"; };
		E30E951F1CB50738000DBE35 /* HBCRecordingSettings+Converting.h */ = {isa = PBXFileReference; fileEncoding = 4; lastKnownFileType = sourcecode.c.h; path = "HBCRecordingSettings+Converting.h"; sourceTree = "<group>"; };
		E30E95201CB50738000DBE35 /* HBCRecordingSettings+Converting.m */ = {isa = PBXFileReference; fileEncoding = 4; lastKnownFileType = sourcecode.c.objc; path = "HBCRecordingSettings+Converting.m"; sourceTree = "<group>"; };
		E30E95251CB510A5000DBE35 /* NSArray+Utilities.h */ = {isa = PBXFileReference; fileEncoding = 4; lastKnownFileType = sourcecode.c.h; path = "NSArray+Utilities.h"; sourceTree = "<group>"; };
		E30E95261CB510A5000DBE35 /* NSArray+Utilities.m */ = {isa = PBXFileReference; fileEncoding = 4; lastKnownFileType = sourcecode.c.objc; path = "NSArray+Utilities.m"; sourceTree = "<group>"; };
		E30E95271CB510A5000DBE35 /* NSDictionary+NSURL.h */ = {isa = PBXFileReference; fileEncoding = 4; lastKnownFileType = sourcecode.c.h; path = "NSDictionary+NSURL.h"; sourceTree = "<group>"; };
		E30E95281CB510A5000DBE35 /* NSDictionary+NSURL.m */ = {isa = PBXFileReference; fileEncoding = 4; lastKnownFileType = sourcecode.c.objc; path = "NSDictionary+NSURL.m"; sourceTree = "<group>"; };
		E30E95291CB510A5000DBE35 /* NSMutableArray+Shuffle.h */ = {isa = PBXFileReference; fileEncoding = 4; lastKnownFileType = sourcecode.c.h; path = "NSMutableArray+Shuffle.h"; sourceTree = "<group>"; };
		E30E952A1CB510A5000DBE35 /* NSMutableArray+Shuffle.m */ = {isa = PBXFileReference; fileEncoding = 4; lastKnownFileType = sourcecode.c.objc; path = "NSMutableArray+Shuffle.m"; sourceTree = "<group>"; };
		E30E952B1CB510A5000DBE35 /* NSSet+Utilities.h */ = {isa = PBXFileReference; fileEncoding = 4; lastKnownFileType = sourcecode.c.h; path = "NSSet+Utilities.h"; sourceTree = "<group>"; };
		E30E952C1CB510A5000DBE35 /* NSSet+Utilities.m */ = {isa = PBXFileReference; fileEncoding = 4; lastKnownFileType = sourcecode.c.objc; path = "NSSet+Utilities.m"; sourceTree = "<group>"; };
		E30E952D1CB510A5000DBE35 /* NSString+IDString.h */ = {isa = PBXFileReference; fileEncoding = 4; lastKnownFileType = sourcecode.c.h; path = "NSString+IDString.h"; sourceTree = "<group>"; };
		E30E952E1CB510A5000DBE35 /* NSString+IDString.m */ = {isa = PBXFileReference; fileEncoding = 4; lastKnownFileType = sourcecode.c.objc; path = "NSString+IDString.m"; sourceTree = "<group>"; };
		E30E952F1CB510A5000DBE35 /* NSString+MD5.h */ = {isa = PBXFileReference; fileEncoding = 4; lastKnownFileType = sourcecode.c.h; path = "NSString+MD5.h"; sourceTree = "<group>"; };
		E30E95301CB510A5000DBE35 /* NSString+MD5.m */ = {isa = PBXFileReference; fileEncoding = 4; lastKnownFileType = sourcecode.c.objc; path = "NSString+MD5.m"; sourceTree = "<group>"; };
		E30E95381CB510FA000DBE35 /* NSOrderedSet+Utilities.h */ = {isa = PBXFileReference; fileEncoding = 4; lastKnownFileType = sourcecode.c.h; path = "NSOrderedSet+Utilities.h"; sourceTree = "<group>"; };
		E30E95391CB510FA000DBE35 /* NSOrderedSet+Utilities.m */ = {isa = PBXFileReference; fileEncoding = 4; lastKnownFileType = sourcecode.c.objc; path = "NSOrderedSet+Utilities.m"; sourceTree = "<group>"; };
		E30E95481CB518E2000DBE35 /* HBPrototypesManager.h */ = {isa = PBXFileReference; fileEncoding = 4; lastKnownFileType = sourcecode.c.h; path = HBPrototypesManager.h; sourceTree = "<group>"; };
		E30E95491CB518E2000DBE35 /* HBPrototypesManager.m */ = {isa = PBXFileReference; fileEncoding = 4; lastKnownFileType = sourcecode.c.objc; path = HBPrototypesManager.m; sourceTree = "<group>"; };
		E30E954B1CB51DF0000DBE35 /* HBCPrototypeUser+CoreDataProperties.h */ = {isa = PBXFileReference; fileEncoding = 4; lastKnownFileType = sourcecode.c.h; path = "HBCPrototypeUser+CoreDataProperties.h"; sourceTree = "<group>"; };
		E30E954C1CB51DF0000DBE35 /* HBCPrototypeUser+CoreDataProperties.m */ = {isa = PBXFileReference; fileEncoding = 4; lastKnownFileType = sourcecode.c.objc; path = "HBCPrototypeUser+CoreDataProperties.m"; sourceTree = "<group>"; };
		E30E954D1CB51DF0000DBE35 /* HBCPrototypeUser.h */ = {isa = PBXFileReference; fileEncoding = 4; lastKnownFileType = sourcecode.c.h; path = HBCPrototypeUser.h; sourceTree = "<group>"; };
		E30E954E1CB51DF0000DBE35 /* HBCPrototypeUser.m */ = {isa = PBXFileReference; fileEncoding = 4; lastKnownFileType = sourcecode.c.objc; path = HBCPrototypeUser.m; sourceTree = "<group>"; };
		E30E954F1CB51DF0000DBE35 /* HBCPrototype+CoreDataProperties.h */ = {isa = PBXFileReference; fileEncoding = 4; lastKnownFileType = sourcecode.c.h; path = "HBCPrototype+CoreDataProperties.h"; sourceTree = "<group>"; };
		E30E95501CB51DF0000DBE35 /* HBCPrototype+CoreDataProperties.m */ = {isa = PBXFileReference; fileEncoding = 4; lastKnownFileType = sourcecode.c.objc; path = "HBCPrototype+CoreDataProperties.m"; sourceTree = "<group>"; };
		E30E95511CB51DF0000DBE35 /* HBCPrototype.h */ = {isa = PBXFileReference; fileEncoding = 4; lastKnownFileType = sourcecode.c.h; path = HBCPrototype.h; sourceTree = "<group>"; };
		E30E95521CB51DF0000DBE35 /* HBCPrototype.m */ = {isa = PBXFileReference; fileEncoding = 4; lastKnownFileType = sourcecode.c.objc; path = HBCPrototype.m; sourceTree = "<group>"; };
		E33878FB1C8630C90015CA23 /* LPViewTouchesRecognizer.h */ = {isa = PBXFileReference; fileEncoding = 4; lastKnownFileType = sourcecode.c.h; path = LPViewTouchesRecognizer.h; sourceTree = "<group>"; };
		E33878FC1C8630C90015CA23 /* LPViewTouchesRecognizer.m */ = {isa = PBXFileReference; fileEncoding = 4; lastKnownFileType = sourcecode.c.objc; path = LPViewTouchesRecognizer.m; sourceTree = "<group>"; };
		E33878FE1C8634A20015CA23 /* LPViewTouch.h */ = {isa = PBXFileReference; fileEncoding = 4; lastKnownFileType = sourcecode.c.h; path = LPViewTouch.h; sourceTree = "<group>"; };
		E33878FF1C8634A20015CA23 /* LPViewTouch.m */ = {isa = PBXFileReference; fileEncoding = 4; lastKnownFileType = sourcecode.c.objc; path = LPViewTouch.m; sourceTree = "<group>"; };
		E34553ED1C90B6D90097C555 /* LPCaptureRecord.h */ = {isa = PBXFileReference; fileEncoding = 4; lastKnownFileType = sourcecode.c.h; path = LPCaptureRecord.h; sourceTree = "<group>"; };
		E34553EE1C90B6D90097C555 /* LPCaptureRecord.m */ = {isa = PBXFileReference; fileEncoding = 4; lastKnownFileType = sourcecode.c.objc; path = LPCaptureRecord.m; sourceTree = "<group>"; };
		E3716C6B1CB7029000AF553C /* HBPrototypesListViewController.h */ = {isa = PBXFileReference; fileEncoding = 4; lastKnownFileType = sourcecode.c.h; path = HBPrototypesListViewController.h; sourceTree = "<group>"; };
		E3716C6C1CB7029000AF553C /* HBPrototypesListViewController.m */ = {isa = PBXFileReference; fileEncoding = 4; lastKnownFileType = sourcecode.c.objc; path = HBPrototypesListViewController.m; sourceTree = "<group>"; };
		E3716C6D1CB7029000AF553C /* HBPrototypesListViewController.xib */ = {isa = PBXFileReference; fileEncoding = 4; lastKnownFileType = file.xib; path = HBPrototypesListViewController.xib; sourceTree = "<group>"; };
		E3716C711CB702BA00AF553C /* HBPrototypeTableViewCell.h */ = {isa = PBXFileReference; fileEncoding = 4; lastKnownFileType = sourcecode.c.h; path = HBPrototypeTableViewCell.h; sourceTree = "<group>"; };
		E3716C721CB702BA00AF553C /* HBPrototypeTableViewCell.m */ = {isa = PBXFileReference; fileEncoding = 4; lastKnownFileType = sourcecode.c.objc; path = HBPrototypeTableViewCell.m; sourceTree = "<group>"; };
		E3716C731CB702BA00AF553C /* HBPrototypeTableViewCell.xib */ = {isa = PBXFileReference; fileEncoding = 4; lastKnownFileType = file.xib; path = HBPrototypeTableViewCell.xib; sourceTree = "<group>"; };
		E3716C771CB79DF000AF553C /* UIColor+Pallete.h */ = {isa = PBXFileReference; fileEncoding = 4; lastKnownFileType = sourcecode.c.h; path = "UIColor+Pallete.h"; sourceTree = "<group>"; };
		E3716C781CB79DF000AF553C /* UIColor+Pallete.m */ = {isa = PBXFileReference; fileEncoding = 4; lastKnownFileType = sourcecode.c.objc; path = "UIColor+Pallete.m"; sourceTree = "<group>"; };
		E386EC6E1CB7B4600002F186 /* HBPrototypePreviewViewController.h */ = {isa = PBXFileReference; fileEncoding = 4; lastKnownFileType = sourcecode.c.h; path = HBPrototypePreviewViewController.h; sourceTree = "<group>"; };
		E386EC6F1CB7B4600002F186 /* HBPrototypePreviewViewController.m */ = {isa = PBXFileReference; fileEncoding = 4; lastKnownFileType = sourcecode.c.objc; path = HBPrototypePreviewViewController.m; sourceTree = "<group>"; };
		E386EC701CB7B4600002F186 /* HBPrototypePreviewViewController.xib */ = {isa = PBXFileReference; fileEncoding = 4; lastKnownFileType = file.xib; path = HBPrototypePreviewViewController.xib; sourceTree = "<group>"; };
		E386EC731CB7C7000002F186 /* HBEditUserViewController.h */ = {isa = PBXFileReference; fileEncoding = 4; lastKnownFileType = sourcecode.c.h; path = HBEditUserViewController.h; sourceTree = "<group>"; };
		E386EC741CB7C7000002F186 /* HBEditUserViewController.m */ = {isa = PBXFileReference; fileEncoding = 4; lastKnownFileType = sourcecode.c.objc; path = HBEditUserViewController.m; sourceTree = "<group>"; };
		E386EC751CB7C7000002F186 /* HBEditUserViewController.xib */ = {isa = PBXFileReference; fileEncoding = 4; lastKnownFileType = file.xib; path = HBEditUserViewController.xib; sourceTree = "<group>"; };
		E386EC781CB7EB050002F186 /* HBUsersListViewController.h */ = {isa = PBXFileReference; fileEncoding = 4; lastKnownFileType = sourcecode.c.h; path = HBUsersListViewController.h; sourceTree = "<group>"; };
		E386EC791CB7EB050002F186 /* HBUsersListViewController.m */ = {isa = PBXFileReference; fileEncoding = 4; lastKnownFileType = sourcecode.c.objc; path = HBUsersListViewController.m; sourceTree = "<group>"; };
		E386EC7A1CB7EB050002F186 /* HBUsersListViewController.xib */ = {isa = PBXFileReference; fileEncoding = 4; lastKnownFileType = file.xib; path = HBUsersListViewController.xib; sourceTree = "<group>"; };
		E386EC7D1CB7EB1E0002F186 /* HBViewController.h */ = {isa = PBXFileReference; fileEncoding = 4; lastKnownFileType = sourcecode.c.h; path = HBViewController.h; sourceTree = "<group>"; };
		E386EC7E1CB7EB1E0002F186 /* HBViewController.m */ = {isa = PBXFileReference; fileEncoding = 4; lastKnownFileType = sourcecode.c.objc; path = HBViewController.m; sourceTree = "<group>"; };
		E386EC801CB7EBC00002F186 /* HBSearchBar.h */ = {isa = PBXFileReference; fileEncoding = 4; lastKnownFileType = sourcecode.c.h; path = HBSearchBar.h; sourceTree = "<group>"; };
		E386EC811CB7EBC00002F186 /* HBSearchBar.m */ = {isa = PBXFileReference; fileEncoding = 4; lastKnownFileType = sourcecode.c.objc; path = HBSearchBar.m; sourceTree = "<group>"; };
		E386EC831CB7EEC10002F186 /* HBUserTableViewCell.h */ = {isa = PBXFileReference; fileEncoding = 4; lastKnownFileType = sourcecode.c.h; path = HBUserTableViewCell.h; sourceTree = "<group>"; };
		E386EC841CB7EEC10002F186 /* HBUserTableViewCell.m */ = {isa = PBXFileReference; fileEncoding = 4; lastKnownFileType = sourcecode.c.objc; path = HBUserTableViewCell.m; sourceTree = "<group>"; };
		E386EC851CB7EEC10002F186 /* HBUserTableViewCell.xib */ = {isa = PBXFileReference; fileEncoding = 4; lastKnownFileType = file.xib; path = HBUserTableViewCell.xib; sourceTree = "<group>"; };
		E386EC881CB7F7FE0002F186 /* HBNavigationController.h */ = {isa = PBXFileReference; fileEncoding = 4; lastKnownFileType = sourcecode.c.h; path = HBNavigationController.h; sourceTree = "<group>"; };
		E386EC891CB7F7FE0002F186 /* HBNavigationController.m */ = {isa = PBXFileReference; fileEncoding = 4; lastKnownFileType = sourcecode.c.objc; path = HBNavigationController.m; sourceTree = "<group>"; };
		E393A3EA1CB663E9003CCD46 /* HBEditPrototypeViewController.h */ = {isa = PBXFileReference; fileEncoding = 4; lastKnownFileType = sourcecode.c.h; path = HBEditPrototypeViewController.h; sourceTree = "<group>"; };
		E393A3EB1CB663E9003CCD46 /* HBEditPrototypeViewController.m */ = {isa = PBXFileReference; fileEncoding = 4; lastKnownFileType = sourcecode.c.objc; path = HBEditPrototypeViewController.m; sourceTree = "<group>"; };
		E393A3EC1CB663E9003CCD46 /* HBEditPrototypeViewController.xib */ = {isa = PBXFileReference; fileEncoding = 4; lastKnownFileType = file.xib; path = HBEditPrototypeViewController.xib; sourceTree = "<group>"; };
		E393A3F31CB66560003CCD46 /* LPResizingLayersView.h */ = {isa = PBXFileReference; fileEncoding = 4; lastKnownFileType = sourcecode.c.h; path = LPResizingLayersView.h; sourceTree = "<group>"; };
		E393A3F41CB66560003CCD46 /* LPResizingLayersView.m */ = {isa = PBXFileReference; fileEncoding = 4; lastKnownFileType = sourcecode.c.objc; path = LPResizingLayersView.m; sourceTree = "<group>"; };
		E393A3F51CB66560003CCD46 /* LPRoundRectButton.h */ = {isa = PBXFileReference; fileEncoding = 4; lastKnownFileType = sourcecode.c.h; path = LPRoundRectButton.h; sourceTree = "<group>"; };
		E393A3F61CB66560003CCD46 /* LPRoundRectButton.m */ = {isa = PBXFileReference; fileEncoding = 4; lastKnownFileType = sourcecode.c.objc; path = LPRoundRectButton.m; sourceTree = "<group>"; };
		E393A3F71CB66560003CCD46 /* UIImageView+Transitions.h */ = {isa = PBXFileReference; fileEncoding = 4; lastKnownFileType = sourcecode.c.h; path = "UIImageView+Transitions.h"; sourceTree = "<group>"; };
		E393A3F81CB66560003CCD46 /* UIImageView+Transitions.m */ = {isa = PBXFileReference; fileEncoding = 4; lastKnownFileType = sourcecode.c.objc; path = "UIImageView+Transitions.m"; sourceTree = "<group>"; };
		E393A3FC1CB666F0003CCD46 /* LPFloatingPlaceholderTextField.h */ = {isa = PBXFileReference; fileEncoding = 4; lastKnownFileType = sourcecode.c.h; path = LPFloatingPlaceholderTextField.h; sourceTree = "<group>"; };
		E393A3FD1CB666F0003CCD46 /* LPFloatingPlaceholderTextField.m */ = {isa = PBXFileReference; fileEncoding = 4; lastKnownFileType = sourcecode.c.objc; path = LPFloatingPlaceholderTextField.m; sourceTree = "<group>"; };
/* End PBXFileReference section */

/* Begin PBXFrameworksBuildPhase section */
		E30E652D1C83360D001E431B /* Frameworks */ = {
			isa = PBXFrameworksBuildPhase;
			buildActionMask = 2147483647;
			files = (
				60114A3BD8FAC4F8FE34E666 /* libPods.a in Frameworks */,
			);
			runOnlyForDeploymentPostprocessing = 0;
		};
/* End PBXFrameworksBuildPhase section */

/* Begin PBXGroup section */
		9C3E97AE35B63AD6B64D0316 /* Pods */ = {
			isa = PBXGroup;
			children = (
				A55CDA3274954E512FF8430F /* Pods.debug.xcconfig */,
				B488E9044A4AF78C8FA418A6 /* Pods.release.xcconfig */,
			);
			name = Pods;
			sourceTree = "<group>";
		};
		B3993DDC24B722C1B03A7AFA /* Frameworks */ = {
			isa = PBXGroup;
			children = (
				316C8A9B61515478B6594A2C /* libPods.a */,
			);
			name = Frameworks;
			sourceTree = "<group>";
		};
		E30E65271C83360D001E431B = {
			isa = PBXGroup;
			children = (
				E30E65321C83360D001E431B /* PrototypeCapture */,
				E30E65311C83360D001E431B /* Products */,
				9C3E97AE35B63AD6B64D0316 /* Pods */,
				B3993DDC24B722C1B03A7AFA /* Frameworks */,
			);
			sourceTree = "<group>";
		};
		E30E65311C83360D001E431B /* Products */ = {
			isa = PBXGroup;
			children = (
				E30E65301C83360D001E431B /* Habco.app */,
			);
			name = Products;
			sourceTree = "<group>";
		};
		E30E65321C83360D001E431B /* PrototypeCapture */ = {
			isa = PBXGroup;
			children = (
				E393A3E81CB663BB003CCD46 /* UI */,
				E30E95471CB518C9000DBE35 /* Logic */,
				E30E95371CB510A9000DBE35 /* Utils */,
				E30E94D31CB46082000DBE35 /* Data */,
				E30E94D21CB4607C000DBE35 /* Recorder */,
				E30E654A1C833664001E431B /* PCWebViewWrapperViewController.h */,
				E30E654B1C833664001E431B /* PCWebViewWrapperViewController.m */,
				E30E654C1C833664001E431B /* PCWebViewWrapperViewController.xib */,
				E30E65361C83360D001E431B /* AppDelegate.h */,
				E30E65371C83360D001E431B /* AppDelegate.m */,
				E3716C761CB7031400AF553C /* Resources */,
				E30E65411C83360E001E431B /* LaunchScreen.storyboard */,
				E30E65441C83360E001E431B /* Info.plist */,
				E30E65331C83360D001E431B /* Supporting Files */,
			);
			path = PrototypeCapture;
			sourceTree = "<group>";
		};
		E30E65331C83360D001E431B /* Supporting Files */ = {
			isa = PBXGroup;
			children = (
				E30E65341C83360D001E431B /* main.m */,
				E30E94D41CB460C9000DBE35 /* PrefixHeader.pch */,
			);
			name = "Supporting Files";
			sourceTree = "<group>";
		};
		E30E94D21CB4607C000DBE35 /* Recorder */ = {
			isa = PBXGroup;
			children = (
				E30E654F1C8336C3001E431B /* LPPrototypeCaptureRecorder.h */,
				E30E65501C8336C3001E431B /* LPPrototypeCaptureRecorder.m */,
				E34553ED1C90B6D90097C555 /* LPCaptureRecord.h */,
				E34553EE1C90B6D90097C555 /* LPCaptureRecord.m */,
				E33878FB1C8630C90015CA23 /* LPViewTouchesRecognizer.h */,
				E33878FC1C8630C90015CA23 /* LPViewTouchesRecognizer.m */,
				E33878FE1C8634A20015CA23 /* LPViewTouch.h */,
				E33878FF1C8634A20015CA23 /* LPViewTouch.m */,
			);
			name = Recorder;
			sourceTree = "<group>";
		};
		E30E94D31CB46082000DBE35 /* Data */ = {
			isa = PBXGroup;
			children = (
				E30E94D81CB46547000DBE35 /* CoreData */,
				E30E94F81CB465D6000DBE35 /* HBPrototype.h */,
				E30E94F91CB465D6000DBE35 /* HBPrototype.m */,
				E30E94FB1CB465E9000DBE35 /* HBPrototypeUser.h */,
				E30E94FC1CB465E9000DBE35 /* HBPrototypeUser.m */,
				E30E94FE1CB465FC000DBE35 /* HBRecordingSettings.h */,
				E30E94FF1CB465FC000DBE35 /* HBRecordingSettings.m */,
				E30E95011CB46614000DBE35 /* HBPrototypeRecord.h */,
				E30E95021CB46614000DBE35 /* HBPrototypeRecord.m */,
				E30E95161CB5070C000DBE35 /* HBCPrototype+Converting.h */,
				E30E95171CB5070C000DBE35 /* HBCPrototype+Converting.m */,
				E30E95191CB50719000DBE35 /* HBCPrototypeUser+Converting.h */,
				E30E951A1CB50719000DBE35 /* HBCPrototypeUser+Converting.m */,
				E30E951C1CB50729000DBE35 /* HBCPrototypeRecord+Converting.h */,
				E30E951D1CB50729000DBE35 /* HBCPrototypeRecord+Converting.m */,
				E30E951F1CB50738000DBE35 /* HBCRecordingSettings+Converting.h */,
				E30E95201CB50738000DBE35 /* HBCRecordingSettings+Converting.m */,
			);
			name = Data;
			sourceTree = "<group>";
		};
		E30E94D81CB46547000DBE35 /* CoreData */ = {
			isa = PBXGroup;
			children = (
				E30E94D51CB462C4000DBE35 /* Habco.xcdatamodeld */,
				E30E94F11CB46598000DBE35 /* HBCPrototypeRecord+CoreDataProperties.h */,
				E30E94F21CB46598000DBE35 /* HBCPrototypeRecord+CoreDataProperties.m */,
				E30E94E11CB46579000DBE35 /* HBCPrototypeRecord.h */,
				E30E94E21CB46579000DBE35 /* HBCPrototypeRecord.m */,
				E30E950E1CB46759000DBE35 /* HBCRecordingSettings+CoreDataProperties.h */,
				E30E950F1CB46759000DBE35 /* HBCRecordingSettings+CoreDataProperties.m */,
				E30E95101CB46759000DBE35 /* HBCRecordingSettings.h */,
				E30E95111CB46759000DBE35 /* HBCRecordingSettings.m */,
				E30E954B1CB51DF0000DBE35 /* HBCPrototypeUser+CoreDataProperties.h */,
				E30E954C1CB51DF0000DBE35 /* HBCPrototypeUser+CoreDataProperties.m */,
				E30E954D1CB51DF0000DBE35 /* HBCPrototypeUser.h */,
				E30E954E1CB51DF0000DBE35 /* HBCPrototypeUser.m */,
				E30E954F1CB51DF0000DBE35 /* HBCPrototype+CoreDataProperties.h */,
				E30E95501CB51DF0000DBE35 /* HBCPrototype+CoreDataProperties.m */,
				E30E95511CB51DF0000DBE35 /* HBCPrototype.h */,
				E30E95521CB51DF0000DBE35 /* HBCPrototype.m */,
			);
			name = CoreData;
			sourceTree = "<group>";
		};
		E30E95371CB510A9000DBE35 /* Utils */ = {
			isa = PBXGroup;
			children = (
				E30E95251CB510A5000DBE35 /* NSArray+Utilities.h */,
				E30E95261CB510A5000DBE35 /* NSArray+Utilities.m */,
				E30E95271CB510A5000DBE35 /* NSDictionary+NSURL.h */,
				E30E95281CB510A5000DBE35 /* NSDictionary+NSURL.m */,
				E30E95291CB510A5000DBE35 /* NSMutableArray+Shuffle.h */,
				E30E952A1CB510A5000DBE35 /* NSMutableArray+Shuffle.m */,
				E30E952B1CB510A5000DBE35 /* NSSet+Utilities.h */,
				E30E952C1CB510A5000DBE35 /* NSSet+Utilities.m */,
				E30E952D1CB510A5000DBE35 /* NSString+IDString.h */,
				E30E952E1CB510A5000DBE35 /* NSString+IDString.m */,
				E30E952F1CB510A5000DBE35 /* NSString+MD5.h */,
				E30E95301CB510A5000DBE35 /* NSString+MD5.m */,
				E30E95381CB510FA000DBE35 /* NSOrderedSet+Utilities.h */,
				E30E95391CB510FA000DBE35 /* NSOrderedSet+Utilities.m */,
			);
			name = Utils;
			sourceTree = "<group>";
		};
		E30E95471CB518C9000DBE35 /* Logic */ = {
			isa = PBXGroup;
			children = (
				E30E95481CB518E2000DBE35 /* HBPrototypesManager.h */,
				E30E95491CB518E2000DBE35 /* HBPrototypesManager.m */,
			);
			name = Logic;
			sourceTree = "<group>";
		};
		E3716C701CB702A100AF553C /* Cells */ = {
			isa = PBXGroup;
			children = (
				E3716C711CB702BA00AF553C /* HBPrototypeTableViewCell.h */,
				E3716C721CB702BA00AF553C /* HBPrototypeTableViewCell.m */,
				E3716C731CB702BA00AF553C /* HBPrototypeTableViewCell.xib */,
				E386EC831CB7EEC10002F186 /* HBUserTableViewCell.h */,
				E386EC841CB7EEC10002F186 /* HBUserTableViewCell.m */,
				E386EC851CB7EEC10002F186 /* HBUserTableViewCell.xib */,
			);
			name = Cells;
			sourceTree = "<group>";
		};
		E3716C761CB7031400AF553C /* Resources */ = {
			isa = PBXGroup;
			children = (
				E30E653F1C83360E001E431B /* Assets.xcassets */,
			);
			name = Resources;
			sourceTree = "<group>";
		};
		E393A3E81CB663BB003CCD46 /* UI */ = {
			isa = PBXGroup;
			children = (
				E3716C771CB79DF000AF553C /* UIColor+Pallete.h */,
				E3716C781CB79DF000AF553C /* UIColor+Pallete.m */,
				E393A3EF1CB6651A003CCD46 /* Components */,
				E393A3E91CB663C0003CCD46 /* Screens */,
			);
			name = UI;
			sourceTree = "<group>";
		};
		E393A3E91CB663C0003CCD46 /* Screens */ = {
			isa = PBXGroup;
			children = (
				E386EC7D1CB7EB1E0002F186 /* HBViewController.h */,
				E386EC7E1CB7EB1E0002F186 /* HBViewController.m */,
				E393A3EA1CB663E9003CCD46 /* HBEditPrototypeViewController.h */,
				E393A3EB1CB663E9003CCD46 /* HBEditPrototypeViewController.m */,
				E393A3EC1CB663E9003CCD46 /* HBEditPrototypeViewController.xib */,
				E3716C6B1CB7029000AF553C /* HBPrototypesListViewController.h */,
				E3716C6C1CB7029000AF553C /* HBPrototypesListViewController.m */,
				E3716C6D1CB7029000AF553C /* HBPrototypesListViewController.xib */,
				E386EC6E1CB7B4600002F186 /* HBPrototypePreviewViewController.h */,
				E386EC6F1CB7B4600002F186 /* HBPrototypePreviewViewController.m */,
				E386EC701CB7B4600002F186 /* HBPrototypePreviewViewController.xib */,
				E386EC731CB7C7000002F186 /* HBEditUserViewController.h */,
				E386EC741CB7C7000002F186 /* HBEditUserViewController.m */,
				E386EC751CB7C7000002F186 /* HBEditUserViewController.xib */,
				E386EC781CB7EB050002F186 /* HBUsersListViewController.h */,
				E386EC791CB7EB050002F186 /* HBUsersListViewController.m */,
				E386EC7A1CB7EB050002F186 /* HBUsersListViewController.xib */,
			);
			name = Screens;
			sourceTree = "<group>";
		};
		E393A3EF1CB6651A003CCD46 /* Components */ = {
			isa = PBXGroup;
			children = (
				E3716C701CB702A100AF553C /* Cells */,
				E393A3FC1CB666F0003CCD46 /* LPFloatingPlaceholderTextField.h */,
				E393A3FD1CB666F0003CCD46 /* LPFloatingPlaceholderTextField.m */,
				E393A3F31CB66560003CCD46 /* LPResizingLayersView.h */,
				E393A3F41CB66560003CCD46 /* LPResizingLayersView.m */,
				E393A3F51CB66560003CCD46 /* LPRoundRectButton.h */,
				E393A3F61CB66560003CCD46 /* LPRoundRectButton.m */,
				E393A3F71CB66560003CCD46 /* UIImageView+Transitions.h */,
				E393A3F81CB66560003CCD46 /* UIImageView+Transitions.m */,
				E386EC801CB7EBC00002F186 /* HBSearchBar.h */,
				E386EC811CB7EBC00002F186 /* HBSearchBar.m */,
				E386EC881CB7F7FE0002F186 /* HBNavigationController.h */,
				E386EC891CB7F7FE0002F186 /* HBNavigationController.m */,
			);
			name = Components;
			sourceTree = "<group>";
		};
/* End PBXGroup section */

/* Begin PBXNativeTarget section */
		E30E652F1C83360D001E431B /* Habco */ = {
			isa = PBXNativeTarget;
			buildConfigurationList = E30E65471C83360E001E431B /* Build configuration list for PBXNativeTarget "Habco" */;
			buildPhases = (
				F5197DE2C9393046D0632895 /* Check Pods Manifest.lock */,
				E30E652C1C83360D001E431B /* Sources */,
				E30E652D1C83360D001E431B /* Frameworks */,
				E30E652E1C83360D001E431B /* Resources */,
				F032F80237A938081EA5B514 /* Embed Pods Frameworks */,
				574493EF270D8E532351A70A /* Copy Pods Resources */,
			);
			buildRules = (
			);
			dependencies = (
			);
			name = Habco;
			productName = PrototypeCapture;
			productReference = E30E65301C83360D001E431B /* Habco.app */;
			productType = "com.apple.product-type.application";
		};
/* End PBXNativeTarget section */

/* Begin PBXProject section */
		E30E65281C83360D001E431B /* Project object */ = {
			isa = PBXProject;
			attributes = {
				LastUpgradeCheck = 0720;
				ORGANIZATIONNAME = Leonspok;
				TargetAttributes = {
					E30E652F1C83360D001E431B = {
						CreatedOnToolsVersion = 7.2.1;
					};
				};
			};
			buildConfigurationList = E30E652B1C83360D001E431B /* Build configuration list for PBXProject "Habco" */;
			compatibilityVersion = "Xcode 3.2";
			developmentRegion = English;
			hasScannedForEncodings = 0;
			knownRegions = (
				en,
				Base,
			);
			mainGroup = E30E65271C83360D001E431B;
			productRefGroup = E30E65311C83360D001E431B /* Products */;
			projectDirPath = "";
			projectRoot = "";
			targets = (
				E30E652F1C83360D001E431B /* Habco */,
			);
		};
/* End PBXProject section */

/* Begin PBXResourcesBuildPhase section */
		E30E652E1C83360D001E431B /* Resources */ = {
			isa = PBXResourcesBuildPhase;
			buildActionMask = 2147483647;
			files = (
				E30E65431C83360E001E431B /* LaunchScreen.storyboard in Resources */,
				E3716C6F1CB7029000AF553C /* HBPrototypesListViewController.xib in Resources */,
				E386EC7C1CB7EB050002F186 /* HBUsersListViewController.xib in Resources */,
				E3716C751CB702BA00AF553C /* HBPrototypeTableViewCell.xib in Resources */,
				E386EC771CB7C7000002F186 /* HBEditUserViewController.xib in Resources */,
				E393A3EE1CB663E9003CCD46 /* HBEditPrototypeViewController.xib in Resources */,
				E30E654E1C833664001E431B /* PCWebViewWrapperViewController.xib in Resources */,
				E386EC721CB7B4600002F186 /* HBPrototypePreviewViewController.xib in Resources */,
				E386EC871CB7EEC10002F186 /* HBUserTableViewCell.xib in Resources */,
				E30E65401C83360E001E431B /* Assets.xcassets in Resources */,
			);
			runOnlyForDeploymentPostprocessing = 0;
		};
/* End PBXResourcesBuildPhase section */

/* Begin PBXShellScriptBuildPhase section */
		574493EF270D8E532351A70A /* Copy Pods Resources */ = {
			isa = PBXShellScriptBuildPhase;
			buildActionMask = 2147483647;
			files = (
			);
			inputPaths = (
			);
			name = "Copy Pods Resources";
			outputPaths = (
			);
			runOnlyForDeploymentPostprocessing = 0;
			shellPath = /bin/sh;
			shellScript = "\"${SRCROOT}/Pods/Target Support Files/Pods/Pods-resources.sh\"\n";
			showEnvVarsInLog = 0;
		};
		F032F80237A938081EA5B514 /* Embed Pods Frameworks */ = {
			isa = PBXShellScriptBuildPhase;
			buildActionMask = 2147483647;
			files = (
			);
			inputPaths = (
			);
			name = "Embed Pods Frameworks";
			outputPaths = (
			);
			runOnlyForDeploymentPostprocessing = 0;
			shellPath = /bin/sh;
			shellScript = "\"${SRCROOT}/Pods/Target Support Files/Pods/Pods-frameworks.sh\"\n";
			showEnvVarsInLog = 0;
		};
		F5197DE2C9393046D0632895 /* Check Pods Manifest.lock */ = {
			isa = PBXShellScriptBuildPhase;
			buildActionMask = 2147483647;
			files = (
			);
			inputPaths = (
			);
			name = "Check Pods Manifest.lock";
			outputPaths = (
			);
			runOnlyForDeploymentPostprocessing = 0;
			shellPath = /bin/sh;
			shellScript = "diff \"${PODS_ROOT}/../Podfile.lock\" \"${PODS_ROOT}/Manifest.lock\" > /dev/null\nif [[ $? != 0 ]] ; then\n    cat << EOM\nerror: The sandbox is not in sync with the Podfile.lock. Run 'pod install' or update your CocoaPods installation.\nEOM\n    exit 1\nfi\n";
			showEnvVarsInLog = 0;
		};
/* End PBXShellScriptBuildPhase section */

/* Begin PBXSourcesBuildPhase section */
		E30E652C1C83360D001E431B /* Sources */ = {
			isa = PBXSourcesBuildPhase;
			buildActionMask = 2147483647;
			files = (
				E386EC7F1CB7EB1E0002F186 /* HBViewController.m in Sources */,
				E30E654D1C833664001E431B /* PCWebViewWrapperViewController.m in Sources */,
				E30E953A1CB510FA000DBE35 /* NSOrderedSet+Utilities.m in Sources */,
				E30E94EC1CB46579000DBE35 /* HBCPrototypeRecord.m in Sources */,
				E30E95311CB510A5000DBE35 /* NSArray+Utilities.m in Sources */,
				E30E65381C83360D001E431B /* AppDelegate.m in Sources */,
				E30E94FD1CB465E9000DBE35 /* HBPrototypeUser.m in Sources */,
				E30E95331CB510A5000DBE35 /* NSMutableArray+Shuffle.m in Sources */,
				E393A3FA1CB66560003CCD46 /* LPRoundRectButton.m in Sources */,
				E30E95321CB510A5000DBE35 /* NSDictionary+NSURL.m in Sources */,
				E386EC7B1CB7EB050002F186 /* HBUsersListViewController.m in Sources */,
				E30E95351CB510A5000DBE35 /* NSString+IDString.m in Sources */,
				E33879001C8634A20015CA23 /* LPViewTouch.m in Sources */,
				E34553EF1C90B6D90097C555 /* LPCaptureRecord.m in Sources */,
				E30E65351C83360D001E431B /* main.m in Sources */,
				E30E95561CB51DF0000DBE35 /* HBCPrototype.m in Sources */,
				E393A3ED1CB663E9003CCD46 /* HBEditPrototypeViewController.m in Sources */,
				E386EC821CB7EBC00002F186 /* HBSearchBar.m in Sources */,
				E393A3F91CB66560003CCD46 /* LPResizingLayersView.m in Sources */,
				E3716C741CB702BA00AF553C /* HBPrototypeTableViewCell.m in Sources */,
				E30E95361CB510A5000DBE35 /* NSString+MD5.m in Sources */,
				E30E951E1CB50729000DBE35 /* HBCPrototypeRecord+Converting.m in Sources */,
				E3716C791CB79DF000AF553C /* UIColor+Pallete.m in Sources */,
				E30E95531CB51DF0000DBE35 /* HBCPrototypeUser+CoreDataProperties.m in Sources */,
				E30E95341CB510A5000DBE35 /* NSSet+Utilities.m in Sources */,
				E386EC761CB7C7000002F186 /* HBEditUserViewController.m in Sources */,
				E3716C6E1CB7029000AF553C /* HBPrototypesListViewController.m in Sources */,
				E386EC711CB7B4600002F186 /* HBPrototypePreviewViewController.m in Sources */,
				E393A3FE1CB666F0003CCD46 /* LPFloatingPlaceholderTextField.m in Sources */,
				E30E95141CB46759000DBE35 /* HBCRecordingSettings+CoreDataProperties.m in Sources */,
				E30E95211CB50738000DBE35 /* HBCRecordingSettings+Converting.m in Sources */,
				E33878FD1C8630C90015CA23 /* LPViewTouchesRecognizer.m in Sources */,
				E386EC8A1CB7F7FE0002F186 /* HBNavigationController.m in Sources */,
				E393A3FB1CB66560003CCD46 /* UIImageView+Transitions.m in Sources */,
				E30E65511C8336C3001E431B /* LPPrototypeCaptureRecorder.m in Sources */,
				E30E94D71CB462C4000DBE35 /* Habco.xcdatamodeld in Sources */,
				E30E951B1CB50719000DBE35 /* HBCPrototypeUser+Converting.m in Sources */,
				E30E95001CB465FC000DBE35 /* HBRecordingSettings.m in Sources */,
				E30E95151CB46759000DBE35 /* HBCRecordingSettings.m in Sources */,
				E30E95031CB46614000DBE35 /* HBPrototypeRecord.m in Sources */,
				E386EC861CB7EEC10002F186 /* HBUserTableViewCell.m in Sources */,
				E30E95541CB51DF0000DBE35 /* HBCPrototypeUser.m in Sources */,
				E30E94F31CB46598000DBE35 /* HBCPrototypeRecord+CoreDataProperties.m in Sources */,
				E30E94FA1CB465D6000DBE35 /* HBPrototype.m in Sources */,
				E30E954A1CB518E2000DBE35 /* HBPrototypesManager.m in Sources */,
				E30E95551CB51DF0000DBE35 /* HBCPrototype+CoreDataProperties.m in Sources */,
				E30E95181CB5070C000DBE35 /* HBCPrototype+Converting.m in Sources */,
			);
			runOnlyForDeploymentPostprocessing = 0;
		};
/* End PBXSourcesBuildPhase section */

/* Begin PBXVariantGroup section */
		E30E65411C83360E001E431B /* LaunchScreen.storyboard */ = {
			isa = PBXVariantGroup;
			children = (
				E30E65421C83360E001E431B /* Base */,
			);
			name = LaunchScreen.storyboard;
			sourceTree = "<group>";
		};
/* End PBXVariantGroup section */

/* Begin XCBuildConfiguration section */
		E30E65451C83360E001E431B /* Debug */ = {
			isa = XCBuildConfiguration;
			buildSettings = {
				ALWAYS_SEARCH_USER_PATHS = NO;
				CLANG_CXX_LANGUAGE_STANDARD = "gnu++0x";
				CLANG_CXX_LIBRARY = "libc++";
				CLANG_ENABLE_MODULES = YES;
				CLANG_ENABLE_OBJC_ARC = YES;
				CLANG_WARN_BOOL_CONVERSION = YES;
				CLANG_WARN_CONSTANT_CONVERSION = YES;
				CLANG_WARN_DIRECT_OBJC_ISA_USAGE = YES_ERROR;
				CLANG_WARN_EMPTY_BODY = YES;
				CLANG_WARN_ENUM_CONVERSION = YES;
				CLANG_WARN_INT_CONVERSION = YES;
				CLANG_WARN_OBJC_ROOT_CLASS = YES_ERROR;
				CLANG_WARN_UNREACHABLE_CODE = YES;
				CLANG_WARN__DUPLICATE_METHOD_MATCH = YES;
				"CODE_SIGN_IDENTITY[sdk=iphoneos*]" = "iPhone Developer";
				COPY_PHASE_STRIP = NO;
				DEBUG_INFORMATION_FORMAT = dwarf;
				ENABLE_STRICT_OBJC_MSGSEND = YES;
				ENABLE_TESTABILITY = YES;
				GCC_C_LANGUAGE_STANDARD = gnu99;
				GCC_DYNAMIC_NO_PIC = NO;
				GCC_NO_COMMON_BLOCKS = YES;
				GCC_OPTIMIZATION_LEVEL = 0;
				GCC_PREPROCESSOR_DEFINITIONS = (
					"DEBUG=1",
					"$(inherited)",
				);
				GCC_WARN_64_TO_32_BIT_CONVERSION = YES;
				GCC_WARN_ABOUT_RETURN_TYPE = YES_ERROR;
				GCC_WARN_UNDECLARED_SELECTOR = YES;
				GCC_WARN_UNINITIALIZED_AUTOS = YES_AGGRESSIVE;
				GCC_WARN_UNUSED_FUNCTION = YES;
				GCC_WARN_UNUSED_VARIABLE = YES;
				IPHONEOS_DEPLOYMENT_TARGET = 9.0;
				MTL_ENABLE_DEBUG_INFO = YES;
				ONLY_ACTIVE_ARCH = YES;
				SDKROOT = iphoneos;
				TARGETED_DEVICE_FAMILY = "1,2";
			};
			name = Debug;
		};
		E30E65461C83360E001E431B /* Release */ = {
			isa = XCBuildConfiguration;
			buildSettings = {
				ALWAYS_SEARCH_USER_PATHS = NO;
				CLANG_CXX_LANGUAGE_STANDARD = "gnu++0x";
				CLANG_CXX_LIBRARY = "libc++";
				CLANG_ENABLE_MODULES = YES;
				CLANG_ENABLE_OBJC_ARC = YES;
				CLANG_WARN_BOOL_CONVERSION = YES;
				CLANG_WARN_CONSTANT_CONVERSION = YES;
				CLANG_WARN_DIRECT_OBJC_ISA_USAGE = YES_ERROR;
				CLANG_WARN_EMPTY_BODY = YES;
				CLANG_WARN_ENUM_CONVERSION = YES;
				CLANG_WARN_INT_CONVERSION = YES;
				CLANG_WARN_OBJC_ROOT_CLASS = YES_ERROR;
				CLANG_WARN_UNREACHABLE_CODE = YES;
				CLANG_WARN__DUPLICATE_METHOD_MATCH = YES;
				"CODE_SIGN_IDENTITY[sdk=iphoneos*]" = "iPhone Developer";
				COPY_PHASE_STRIP = NO;
				DEBUG_INFORMATION_FORMAT = "dwarf-with-dsym";
				ENABLE_NS_ASSERTIONS = NO;
				ENABLE_STRICT_OBJC_MSGSEND = YES;
				GCC_C_LANGUAGE_STANDARD = gnu99;
				GCC_NO_COMMON_BLOCKS = YES;
				GCC_WARN_64_TO_32_BIT_CONVERSION = YES;
				GCC_WARN_ABOUT_RETURN_TYPE = YES_ERROR;
				GCC_WARN_UNDECLARED_SELECTOR = YES;
				GCC_WARN_UNINITIALIZED_AUTOS = YES_AGGRESSIVE;
				GCC_WARN_UNUSED_FUNCTION = YES;
				GCC_WARN_UNUSED_VARIABLE = YES;
				IPHONEOS_DEPLOYMENT_TARGET = 9.0;
				MTL_ENABLE_DEBUG_INFO = NO;
				SDKROOT = iphoneos;
				TARGETED_DEVICE_FAMILY = "1,2";
				VALIDATE_PRODUCT = YES;
			};
			name = Release;
		};
		E30E65481C83360E001E431B /* Debug */ = {
			isa = XCBuildConfiguration;
			baseConfigurationReference = A55CDA3274954E512FF8430F /* Pods.debug.xcconfig */;
			buildSettings = {
				ASSETCATALOG_COMPILER_APPICON_NAME = AppIcon;
				GCC_PREFIX_HEADER = PrototypeCapture/PrefixHeader.pch;
				INFOPLIST_FILE = PrototypeCapture/Info.plist;
				LD_RUNPATH_SEARCH_PATHS = "$(inherited) @executable_path/Frameworks";
				PRODUCT_BUNDLE_IDENTIFIER = com.leonspok.ios.habco;
				PRODUCT_NAME = Habco;
				TARGETED_DEVICE_FAMILY = 1;
			};
			name = Debug;
		};
		E30E65491C83360E001E431B /* Release */ = {
			isa = XCBuildConfiguration;
			baseConfigurationReference = B488E9044A4AF78C8FA418A6 /* Pods.release.xcconfig */;
			buildSettings = {
				ASSETCATALOG_COMPILER_APPICON_NAME = AppIcon;
				GCC_PREFIX_HEADER = PrototypeCapture/PrefixHeader.pch;
				INFOPLIST_FILE = PrototypeCapture/Info.plist;
				LD_RUNPATH_SEARCH_PATHS = "$(inherited) @executable_path/Frameworks";
				PRODUCT_BUNDLE_IDENTIFIER = com.leonspok.ios.habco;
				PRODUCT_NAME = Habco;
				TARGETED_DEVICE_FAMILY = 1;
			};
			name = Release;
		};
/* End XCBuildConfiguration section */

/* Begin XCConfigurationList section */
		E30E652B1C83360D001E431B /* Build configuration list for PBXProject "Habco" */ = {
			isa = XCConfigurationList;
			buildConfigurations = (
				E30E65451C83360E001E431B /* Debug */,
				E30E65461C83360E001E431B /* Release */,
			);
			defaultConfigurationIsVisible = 0;
			defaultConfigurationName = Release;
		};
		E30E65471C83360E001E431B /* Build configuration list for PBXNativeTarget "Habco" */ = {
			isa = XCConfigurationList;
			buildConfigurations = (
				E30E65481C83360E001E431B /* Debug */,
				E30E65491C83360E001E431B /* Release */,
			);
			defaultConfigurationIsVisible = 0;
			defaultConfigurationName = Release;
		};
/* End XCConfigurationList section */

/* Begin XCVersionGroup section */
		E30E94D51CB462C4000DBE35 /* Habco.xcdatamodeld */ = {
			isa = XCVersionGroup;
			children = (
				E30E94D61CB462C4000DBE35 /* Habco.xcdatamodel */,
			);
			currentVersion = E30E94D61CB462C4000DBE35 /* Habco.xcdatamodel */;
			path = Habco.xcdatamodeld;
			sourceTree = "<group>";
			versionGroupType = wrapper.xcdatamodel;
		};
/* End XCVersionGroup section */
	};
	rootObject = E30E65281C83360D001E431B /* Project object */;
}
